// !$*UTF8*$!
{
	archiveVersion = 1;
	classes = {
	};
	objectVersion = 46;
	objects = {

/* Begin PBXBuildFile section */
		DF810D6D1CCB1ACA00CF1412 /* CalculatorBrain.swift in Sources */ = {isa = PBXBuildFile; fileRef = DF810D6C1CCB1ACA00CF1412 /* CalculatorBrain.swift */; };
		DFDCE5791CC921A70017EACA /* AppDelegate.swift in Sources */ = {isa = PBXBuildFile; fileRef = DFDCE5781CC921A70017EACA /* AppDelegate.swift */; };
		DFDCE57B1CC921A70017EACA /* ViewController.swift in Sources */ = {isa = PBXBuildFile; fileRef = DFDCE57A1CC921A70017EACA /* ViewController.swift */; };
		DFDCE57E1CC921A70017EACA /* Main.storyboard in Resources */ = {isa = PBXBuildFile; fileRef = DFDCE57C1CC921A70017EACA /* Main.storyboard */; };
		DFDCE5801CC921A70017EACA /* Assets.xcassets in Resources */ = {isa = PBXBuildFile; fileRef = DFDCE57F1CC921A70017EACA /* Assets.xcassets */; };
		DFDCE5831CC921A70017EACA /* LaunchScreen.storyboard in Resources */ = {isa = PBXBuildFile; fileRef = DFDCE5811CC921A70017EACA /* LaunchScreen.storyboard */; };
/* End PBXBuildFile section */

/* Begin PBXFileReference section */
		DF810D6C1CCB1ACA00CF1412 /* CalculatorBrain.swift */ = {isa = PBXFileReference; fileEncoding = 4; lastKnownFileType = sourcecode.swift; path = CalculatorBrain.swift; sourceTree = "<group>"; };
		DFDCE5751CC921A70017EACA /* Calculator.app */ = {isa = PBXFileReference; explicitFileType = wrapper.application; includeInIndex = 0; path = Calculator.app; sourceTree = BUILT_PRODUCTS_DIR; };
		DFDCE5781CC921A70017EACA /* AppDelegate.swift */ = {isa = PBXFileReference; lastKnownFileType = sourcecode.swift; path = AppDelegate.swift; sourceTree = "<group>"; };
		DFDCE57A1CC921A70017EACA /* ViewController.swift */ = {isa = PBXFileReference; lastKnownFileType = sourcecode.swift; path = ViewController.swift; sourceTree = "<group>"; };
		DFDCE57D1CC921A70017EACA /* Base */ = {isa = PBXFileReference; lastKnownFileType = file.storyboard; name = Base; path = Base.lproj/Main.storyboard; sourceTree = "<group>"; };
		DFDCE57F1CC921A70017EACA /* Assets.xcassets */ = {isa = PBXFileReference; lastKnownFileType = folder.assetcatalog; path = Assets.xcassets; sourceTree = "<group>"; };
		DFDCE5821CC921A70017EACA /* Base */ = {isa = PBXFileReference; lastKnownFileType = file.storyboard; name = Base; path = Base.lproj/LaunchScreen.storyboard; sourceTree = "<group>"; };
		DFDCE5841CC921A70017EACA /* Info.plist */ = {isa = PBXFileReference; lastKnownFileType = text.plist.xml; path = Info.plist; sourceTree = "<group>"; };
/* End PBXFileReference section */

/* Begin PBXFrameworksBuildPhase section */
		DFDCE5721CC921A70017EACA /* Frameworks */ = {
			isa = PBXFrameworksBuildPhase;
			buildActionMask = 2147483647;
			files = (
			);
			runOnlyForDeploymentPostprocessing = 0;
		};
/* End PBXFrameworksBuildPhase section */

/* Begin PBXGroup section */
		DFDCE56C1CC921A70017EACA = {
			isa = PBXGroup;
			children = (
				DFDCE5771CC921A70017EACA /* Calculator */,
				DFDCE5761CC921A70017EACA /* Products */,
			);
			sourceTree = "<group>";
		};
		DFDCE5761CC921A70017EACA /* Products */ = {
			isa = PBXGroup;
			children = (
				DFDCE5751CC921A70017EACA /* Calculator.app */,
			);
			name = Products;
			sourceTree = "<group>";
		};
		DFDCE5771CC921A70017EACA /* Calculator */ = {
			isa = PBXGroup;
			children = (
				DFDCE5781CC921A70017EACA /* AppDelegate.swift */,
				DFDCE57A1CC921A70017EACA /* ViewController.swift */,
				DFDCE57C1CC921A70017EACA /* Main.storyboard */,
				DF810D6C1CCB1ACA00CF1412 /* CalculatorBrain.swift */,
				DFDCE57F1CC921A70017EACA /* Assets.xcassets */,
				DFDCE5811CC921A70017EACA /* LaunchScreen.storyboard */,
				DFDCE5841CC921A70017EACA /* Info.plist */,
			);
			path = Calculator;
			sourceTree = "<group>";
		};
/* End PBXGroup section */

/* Begin PBXNativeTarget section */
		DFDCE5741CC921A70017EACA /* Calculator */ = {
			isa = PBXNativeTarget;
			buildConfigurationList = DFDCE5871CC921A70017EACA /* Build configuration list for PBXNativeTarget "Calculator" */;
			buildPhases = (
				DFDCE5711CC921A70017EACA /* Sources */,
				DFDCE5721CC921A70017EACA /* Frameworks */,
				DFDCE5731CC921A70017EACA /* Resources */,
			);
			buildRules = (
			);
			dependencies = (
			);
			name = Calculator;
			productName = Calculator;
			productReference = DFDCE5751CC921A70017EACA /* Calculator.app */;
			productType = "com.apple.product-type.application";
		};
/* End PBXNativeTarget section */

/* Begin PBXProject section */
		DFDCE56D1CC921A70017EACA /* Project object */ = {
			isa = PBXProject;
			attributes = {
				LastSwiftUpdateCheck = 0730;
				LastUpgradeCheck = 0730;
				ORGANIZATIONNAME = "Cheng-Lin Yang";
				TargetAttributes = {
					DFDCE5741CC921A70017EACA = {
						CreatedOnToolsVersion = 7.3;
					};
				};
			};
			buildConfigurationList = DFDCE5701CC921A70017EACA /* Build configuration list for PBXProject "Calculator" */;
			compatibilityVersion = "Xcode 3.2";
			developmentRegion = English;
			hasScannedForEncodings = 0;
			knownRegions = (
				en,
				Base,
			);
			mainGroup = DFDCE56C1CC921A70017EACA;
			productRefGroup = DFDCE5761CC921A70017EACA /* Products */;
			projectDirPath = "";
			projectRoot = "";
			targets = (
				DFDCE5741CC921A70017EACA /* Calculator */,
			);
		};
/* End PBXProject section */

/* Begin PBXResourcesBuildPhase section */
		DFDCE5731CC921A70017EACA /* Resources */ = {
			isa = PBXResourcesBuildPhase;
			buildActionMask = 2147483647;
			files = (
				DFDCE5831CC921A70017EACA /* LaunchScreen.storyboard in Resources */,
				DFDCE5801CC921A70017EACA /* Assets.xcassets in Resources */,
				DFDCE57E1CC921A70017EACA /* Main.storyboard in Resources */,
			);
			runOnlyForDeploymentPostprocessing = 0;
		};
/* End PBXResourcesBuildPhase section */

/* Begin PBXSourcesBuildPhase section */
		DFDCE5711CC921A70017EACA /* Sources */ = {
			isa = PBXSourcesBuildPhase;
			buildActionMask = 2147483647;
			files = (
				DF810D6D1CCB1ACA00CF1412 /* CalculatorBrain.swift in Sources */,
				DFDCE57B1CC921A70017EACA /* ViewController.swift in Sources */,
				DFDCE5791CC921A70017EACA /* AppDelegate.swift in Sources */,
			);
			runOnlyForDeploymentPostprocessing = 0;
		};
/* End PBXSourcesBuildPhase section */

/* Begin PBXVariantGroup section */
		DFDCE57C1CC921A70017EACA /* Main.storyboard */ = {
			isa = PBXVariantGroup;
			children = (
				DFDCE57D1CC921A70017EACA /* Base */,
			);
			name = Main.storyboard;
			sourceTree = "<group>";
		};
		DFDCE5811CC921A70017EACA /* LaunchScreen.storyboard */ = {
			isa = PBXVariantGroup;
			children = (
				DFDCE5821CC921A70017EACA /* Base */,
			);
			name = LaunchScreen.storyboard;
			sourceTree = "<group>";
		};
/* End PBXVariantGroup section */

/* Begin XCBuildConfiguration section */
		DFDCE5851CC921A70017EACA /* Debug */ = {
			isa = XCBuildConfiguration;
			buildSettings = {
				ALWAYS_SEARCH_USER_PATHS = NO;
				CLANG_ANALYZER_NONNULL = YES;
				CLANG_CXX_LANGUAGE_STANDARD = "gnu++0x";
				CLANG_CXX_LIBRARY = "libc++";
				CLANG_ENABLE_MODULES = YES;
				CLANG_ENABLE_OBJC_ARC = YES;
				CLANG_WARN_BOOL_CONVERSION = YES;
				CLANG_WARN_CONSTANT_CONVERSION = YES;
				CLANG_WARN_DIRECT_OBJC_ISA_USAGE = YES_ERROR;
				CLANG_WARN_EMPTY_BODY = YES;
				CLANG_WARN_ENUM_CONVERSION = YES;
				CLANG_WARN_INT_CONVERSION = YES;
				CLANG_WARN_OBJC_ROOT_CLASS = YES_ERROR;
				CLANG_WARN_UNREACHABLE_CODE = YES;
				CLANG_WARN__DUPLICATE_METHOD_MATCH = YES;
				"CODE_SIGN_IDENTITY[sdk=iphoneos*]" = "iPhone Developer";
				COPY_PHASE_STRIP = NO;
				DEBUG_INFORMATION_FORMAT = dwarf;
				ENABLE_STRICT_OBJC_MSGSEND = YES;
				ENABLE_TESTABILITY = YES;
				GCC_C_LANGUAGE_STANDARD = gnu99;
				GCC_DYNAMIC_NO_PIC = NO;
				GCC_NO_COMMON_BLOCKS = YES;
				GCC_OPTIMIZATION_LEVEL = 0;
				GCC_PREPROCESSOR_DEFINITIONS = (
					"DEBUG=1",
					"$(inherited)",
				);
				GCC_WARN_64_TO_32_BIT_CONVERSION = YES;
				GCC_WARN_ABOUT_RETURN_TYPE = YES_ERROR;
				GCC_WARN_UNDECLARED_SELECTOR = YES;
				GCC_WARN_UNINITIALIZED_AUTOS = YES_AGGRESSIVE;
				GCC_WARN_UNUSED_FUNCTION = YES;
				GCC_WARN_UNUSED_VARIABLE = YES;
				IPHONEOS_DEPLOYMENT_TARGET = 9.3;
				MTL_ENABLE_DEBUG_INFO = YES;
				ONLY_ACTIVE_ARCH = YES;
				SDKROOT = iphoneos;
				SWIFT_OPTIMIZATION_LEVEL = "-Onone";
				TARGETED_DEVICE_FAMILY = "1,2";
			};
			name = Debug;
		};
		DFDCE5861CC921A70017EACA /* Release */ = {
			isa = XCBuildConfiguration;
			buildSettings = {
				ALWAYS_SEARCH_USER_PATHS = NO;
				CLANG_ANALYZER_NONNULL = YES;
				CLANG_CXX_LANGUAGE_STANDARD = "gnu++0x";
				CLANG_CXX_LIBRARY = "libc++";
				CLANG_ENABLE_MODULES = YES;
				CLANG_ENABLE_OBJC_ARC = YES;
				CLANG_WARN_BOOL_CONVERSION = YES;
				CLANG_WARN_CONSTANT_CONVERSION = YES;
				CLANG_WARN_DIRECT_OBJC_ISA_USAGE = YES_ERROR;
				CLANG_WARN_EMPTY_BODY = YES;
				CLANG_WARN_ENUM_CONVERSION = YES;
				CLANG_WARN_INT_CONVERSION = YES;
				CLANG_WARN_OBJC_ROOT_CLASS = YES_ERROR;
				CLANG_WARN_UNREACHABLE_CODE = YES;
				CLANG_WARN__DUPLICATE_METHOD_MATCH = YES;
				"CODE_SIGN_IDENTITY[sdk=iphoneos*]" = "iPhone Developer";
				COPY_PHASE_STRIP = NO;
				DEBUG_INFORMATION_FORMAT = "dwarf-with-dsym";
				ENABLE_NS_ASSERTIONS = NO;
				ENABLE_STRICT_OBJC_MSGSEND = YES;
				GCC_C_LANGUAGE_STANDARD = gnu99;
				GCC_NO_COMMON_BLOCKS = YES;
				GCC_WARN_64_TO_32_BIT_CONVERSION = YES;
				GCC_WARN_ABOUT_RETURN_TYPE = YES_ERROR;
				GCC_WARN_UNDECLARED_SELECTOR = YES;
				GCC_WARN_UNINITIALIZED_AUTOS = YES_AGGRESSIVE;
				GCC_WARN_UNUSED_FUNCTION = YES;
				GCC_WARN_UNUSED_VARIABLE = YES;
				IPHONEOS_DEPLOYMENT_TARGET = 9.3;
				MTL_ENABLE_DEBUG_INFO = NO;
				SDKROOT = iphoneos;
				TARGETED_DEVICE_FAMILY = "1,2";
				VALIDATE_PRODUCT = YES;
			};
			name = Release;
		};
		DFDCE5881CC921A70017EACA /* Debug */ = {
			isa = XCBuildConfiguration;
			buildSettings = {
				ASSETCATALOG_COMPILER_APPICON_NAME = AppIcon;
				INFOPLIST_FILE = Calculator/Info.plist;
				LD_RUNPATH_SEARCH_PATHS = "$(inherited) @executable_path/Frameworks";
				PRODUCT_BUNDLE_IDENTIFIER = io.csie.Calculator;
				PRODUCT_NAME = "$(TARGET_NAME)";
			};
			name = Debug;
		};
		DFDCE5891CC921A70017EACA /* Release */ = {
			isa = XCBuildConfiguration;
			buildSettings = {
				ASSETCATALOG_COMPILER_APPICON_NAME = AppIcon;
				INFOPLIST_FILE = Calculator/Info.plist;
				LD_RUNPATH_SEARCH_PATHS = "$(inherited) @executable_path/Frameworks";
				PRODUCT_BUNDLE_IDENTIFIER = io.csie.Calculator;
				PRODUCT_NAME = "$(TARGET_NAME)";
			};
			name = Release;
		};
/* End XCBuildConfiguration section */

/* Begin XCConfigurationList section */
		DFDCE5701CC921A70017EACA /* Build configuration list for PBXProject "Calculator" */ = {
			isa = XCConfigurationList;
			buildConfigurations = (
				DFDCE5851CC921A70017EACA /* Debug */,
				DFDCE5861CC921A70017EACA /* Release */,
			);
			defaultConfigurationIsVisible = 0;
			defaultConfigurationName = Release;
		};
		DFDCE5871CC921A70017EACA /* Build configuration list for PBXNativeTarget "Calculator" */ = {
			isa = XCConfigurationList;
			buildConfigurations = (
				DFDCE5881CC921A70017EACA /* Debug */,
				DFDCE5891CC921A70017EACA /* Release */,
			);
			defaultConfigurationIsVisible = 0;
			defaultConfigurationName = Release;
		};
/* End XCConfigurationList section */
	};
	rootObject = DFDCE56D1CC921A70017EACA /* Project object */;
}
